// !$*UTF8*$!
{
	archiveVersion = 1;
	classes = {
	};
	objectVersion = 46;
	objects = {

/* Begin PBXBuildFile section */
		1FFF18781C4C8495003F8B3B /* main.m in Sources */ = {isa = PBXBuildFile; fileRef = 1FFF18771C4C8495003F8B3B /* main.m */; };
		1FFF187B1C4C8495003F8B3B /* AppDelegate.m in Sources */ = {isa = PBXBuildFile; fileRef = 1FFF187A1C4C8495003F8B3B /* AppDelegate.m */; };
		1FFF18811C4C8495003F8B3B /* Main.storyboard in Resources */ = {isa = PBXBuildFile; fileRef = 1FFF187F1C4C8495003F8B3B /* Main.storyboard */; };
		1FFF18831C4C8495003F8B3B /* Assets.xcassets in Resources */ = {isa = PBXBuildFile; fileRef = 1FFF18821C4C8495003F8B3B /* Assets.xcassets */; };
		1FFF18861C4C8495003F8B3B /* LaunchScreen.storyboard in Resources */ = {isa = PBXBuildFile; fileRef = 1FFF18841C4C8495003F8B3B /* LaunchScreen.storyboard */; };
		1FFF18971C4C85E8003F8B3B /* KSDragRefresh.m in Sources */ = {isa = PBXBuildFile; fileRef = 1FFF18921C4C85E8003F8B3B /* KSDragRefresh.m */; };
		1FFF18981C4C85E8003F8B3B /* KSDragRefreshBaseView.m in Sources */ = {isa = PBXBuildFile; fileRef = 1FFF18941C4C85E8003F8B3B /* KSDragRefreshBaseView.m */; };
		1FFF189C1C4C860E003F8B3B /* UIView+KSFrame.m in Sources */ = {isa = PBXBuildFile; fileRef = 1FFF189B1C4C860E003F8B3B /* UIView+KSFrame.m */; };
		1FFF18A21C4C87C0003F8B3B /* MyDragRefreshHeader.m in Sources */ = {isa = PBXBuildFile; fileRef = 1FFF18A11C4C87C0003F8B3B /* MyDragRefreshHeader.m */; };
		1FFF18A51C4C8865003F8B3B /* MyDragRefreshFooter.m in Sources */ = {isa = PBXBuildFile; fileRef = 1FFF18A41C4C8865003F8B3B /* MyDragRefreshFooter.m */; };
		1FFF18A81C4C8AA4003F8B3B /* BaseViewController.m in Sources */ = {isa = PBXBuildFile; fileRef = 1FFF18A71C4C8AA4003F8B3B /* BaseViewController.m */; };
/* End PBXBuildFile section */

/* Begin PBXFileReference section */
		1FFF18731C4C8495003F8B3B /* KSDragRefresh.app */ = {isa = PBXFileReference; explicitFileType = wrapper.application; includeInIndex = 0; path = KSDragRefresh.app; sourceTree = BUILT_PRODUCTS_DIR; };
		1FFF18771C4C8495003F8B3B /* main.m */ = {isa = PBXFileReference; lastKnownFileType = sourcecode.c.objc; path = main.m; sourceTree = "<group>"; };
		1FFF18791C4C8495003F8B3B /* AppDelegate.h */ = {isa = PBXFileReference; lastKnownFileType = sourcecode.c.h; path = AppDelegate.h; sourceTree = "<group>"; };
		1FFF187A1C4C8495003F8B3B /* AppDelegate.m */ = {isa = PBXFileReference; lastKnownFileType = sourcecode.c.objc; path = AppDelegate.m; sourceTree = "<group>"; };
		1FFF18801C4C8495003F8B3B /* Base */ = {isa = PBXFileReference; lastKnownFileType = file.storyboard; name = Base; path = Base.lproj/Main.storyboard; sourceTree = "<group>"; };
		1FFF18821C4C8495003F8B3B /* Assets.xcassets */ = {isa = PBXFileReference; lastKnownFileType = folder.assetcatalog; path = Assets.xcassets; sourceTree = "<group>"; };
		1FFF18851C4C8495003F8B3B /* Base */ = {isa = PBXFileReference; lastKnownFileType = file.storyboard; name = Base; path = Base.lproj/LaunchScreen.storyboard; sourceTree = "<group>"; };
		1FFF18871C4C8495003F8B3B /* Info.plist */ = {isa = PBXFileReference; lastKnownFileType = text.plist.xml; path = Info.plist; sourceTree = "<group>"; };
		1FFF18911C4C85E8003F8B3B /* KSDragRefresh.h */ = {isa = PBXFileReference; fileEncoding = 4; lastKnownFileType = sourcecode.c.h; path = KSDragRefresh.h; sourceTree = "<group>"; };
		1FFF18921C4C85E8003F8B3B /* KSDragRefresh.m */ = {isa = PBXFileReference; fileEncoding = 4; lastKnownFileType = sourcecode.c.objc; path = KSDragRefresh.m; sourceTree = "<group>"; };
		1FFF18931C4C85E8003F8B3B /* KSDragRefreshBaseView.h */ = {isa = PBXFileReference; fileEncoding = 4; lastKnownFileType = sourcecode.c.h; path = KSDragRefreshBaseView.h; sourceTree = "<group>"; };
		1FFF18941C4C85E8003F8B3B /* KSDragRefreshBaseView.m */ = {isa = PBXFileReference; fileEncoding = 4; lastKnownFileType = sourcecode.c.objc; path = KSDragRefreshBaseView.m; sourceTree = "<group>"; };
		1FFF189A1C4C860E003F8B3B /* UIView+KSFrame.h */ = {isa = PBXFileReference; fileEncoding = 4; lastKnownFileType = sourcecode.c.h; path = "UIView+KSFrame.h"; sourceTree = "<group>"; };
		1FFF189B1C4C860E003F8B3B /* UIView+KSFrame.m */ = {isa = PBXFileReference; fileEncoding = 4; lastKnownFileType = sourcecode.c.objc; path = "UIView+KSFrame.m"; sourceTree = "<group>"; };
		1FFF18A01C4C87C0003F8B3B /* MyDragRefreshHeader.h */ = {isa = PBXFileReference; fileEncoding = 4; lastKnownFileType = sourcecode.c.h; path = MyDragRefreshHeader.h; sourceTree = "<group>"; };
		1FFF18A11C4C87C0003F8B3B /* MyDragRefreshHeader.m */ = {isa = PBXFileReference; fileEncoding = 4; lastKnownFileType = sourcecode.c.objc; path = MyDragRefreshHeader.m; sourceTree = "<group>"; };
		1FFF18A31C4C8865003F8B3B /* MyDragRefreshFooter.h */ = {isa = PBXFileReference; fileEncoding = 4; lastKnownFileType = sourcecode.c.h; path = MyDragRefreshFooter.h; sourceTree = "<group>"; };
		1FFF18A41C4C8865003F8B3B /* MyDragRefreshFooter.m */ = {isa = PBXFileReference; fileEncoding = 4; lastKnownFileType = sourcecode.c.objc; path = MyDragRefreshFooter.m; sourceTree = "<group>"; };
		1FFF18A61C4C8AA4003F8B3B /* BaseViewController.h */ = {isa = PBXFileReference; fileEncoding = 4; lastKnownFileType = sourcecode.c.h; path = BaseViewController.h; sourceTree = "<group>"; };
		1FFF18A71C4C8AA4003F8B3B /* BaseViewController.m */ = {isa = PBXFileReference; fileEncoding = 4; lastKnownFileType = sourcecode.c.objc; path = BaseViewController.m; sourceTree = "<group>"; };
/* End PBXFileReference section */

/* Begin PBXFrameworksBuildPhase section */
		1FFF18701C4C8495003F8B3B /* Frameworks */ = {
			isa = PBXFrameworksBuildPhase;
			buildActionMask = 2147483647;
			files = (
			);
			runOnlyForDeploymentPostprocessing = 0;
		};
/* End PBXFrameworksBuildPhase section */

/* Begin PBXGroup section */
		1FFF186A1C4C8495003F8B3B = {
			isa = PBXGroup;
			children = (
				1FFF18751C4C8495003F8B3B /* KSDragRefresh */,
				1FFF18741C4C8495003F8B3B /* Products */,
			);
			sourceTree = "<group>";
		};
		1FFF18741C4C8495003F8B3B /* Products */ = {
			isa = PBXGroup;
			children = (
				1FFF18731C4C8495003F8B3B /* KSDragRefresh.app */,
			);
			name = Products;
			sourceTree = "<group>";
		};
		1FFF18751C4C8495003F8B3B /* KSDragRefresh */ = {
			isa = PBXGroup;
			children = (
				1FFF18901C4C85E8003F8B3B /* KSDragRefresh */,
				1FFF18791C4C8495003F8B3B /* AppDelegate.h */,
				1FFF187A1C4C8495003F8B3B /* AppDelegate.m */,
				1FFF18A61C4C8AA4003F8B3B /* BaseViewController.h */,
				1FFF18A71C4C8AA4003F8B3B /* BaseViewController.m */,
				1FFF18A01C4C87C0003F8B3B /* MyDragRefreshHeader.h */,
				1FFF18A11C4C87C0003F8B3B /* MyDragRefreshHeader.m */,
				1FFF18A31C4C8865003F8B3B /* MyDragRefreshFooter.h */,
				1FFF18A41C4C8865003F8B3B /* MyDragRefreshFooter.m */,
				1FFF187F1C4C8495003F8B3B /* Main.storyboard */,
				1FFF18821C4C8495003F8B3B /* Assets.xcassets */,
				1FFF18841C4C8495003F8B3B /* LaunchScreen.storyboard */,
				1FFF18871C4C8495003F8B3B /* Info.plist */,
				1FFF18761C4C8495003F8B3B /* Supporting Files */,
			);
			path = KSDragRefresh;
			sourceTree = "<group>";
		};
		1FFF18761C4C8495003F8B3B /* Supporting Files */ = {
			isa = PBXGroup;
			children = (
				1FFF18771C4C8495003F8B3B /* main.m */,
			);
			name = "Supporting Files";
			sourceTree = "<group>";
		};
		1FFF18901C4C85E8003F8B3B /* KSDragRefresh */ = {
			isa = PBXGroup;
			children = (
				1FFF189A1C4C860E003F8B3B /* UIView+KSFrame.h */,
				1FFF189B1C4C860E003F8B3B /* UIView+KSFrame.m */,
				1FFF18911C4C85E8003F8B3B /* KSDragRefresh.h */,
				1FFF18921C4C85E8003F8B3B /* KSDragRefresh.m */,
				1FFF18931C4C85E8003F8B3B /* KSDragRefreshBaseView.h */,
				1FFF18941C4C85E8003F8B3B /* KSDragRefreshBaseView.m */,
			);
			path = KSDragRefresh;
			sourceTree = "<group>";
		};
/* End PBXGroup section */

/* Begin PBXNativeTarget section */
		1FFF18721C4C8495003F8B3B /* KSDragRefresh */ = {
			isa = PBXNativeTarget;
			buildConfigurationList = 1FFF188A1C4C8495003F8B3B /* Build configuration list for PBXNativeTarget "KSDragRefresh" */;
			buildPhases = (
				1FFF186F1C4C8495003F8B3B /* Sources */,
				1FFF18701C4C8495003F8B3B /* Frameworks */,
				1FFF18711C4C8495003F8B3B /* Resources */,
			);
			buildRules = (
			);
			dependencies = (
			);
			name = KSDragRefresh;
			productName = KSDragRefresh;
			productReference = 1FFF18731C4C8495003F8B3B /* KSDragRefresh.app */;
			productType = "com.apple.product-type.application";
		};
/* End PBXNativeTarget section */

/* Begin PBXProject section */
		1FFF186B1C4C8495003F8B3B /* Project object */ = {
			isa = PBXProject;
			attributes = {
				LastUpgradeCheck = 0720;
				ORGANIZATIONNAME = KnightSama;
				TargetAttributes = {
					1FFF18721C4C8495003F8B3B = {
						CreatedOnToolsVersion = 7.2;
					};
				};
			};
			buildConfigurationList = 1FFF186E1C4C8495003F8B3B /* Build configuration list for PBXProject "KSDragRefresh" */;
			compatibilityVersion = "Xcode 3.2";
			developmentRegion = English;
			hasScannedForEncodings = 0;
			knownRegions = (
				en,
				Base,
			);
			mainGroup = 1FFF186A1C4C8495003F8B3B;
			productRefGroup = 1FFF18741C4C8495003F8B3B /* Products */;
			projectDirPath = "";
			projectRoot = "";
			targets = (
				1FFF18721C4C8495003F8B3B /* KSDragRefresh */,
			);
		};
/* End PBXProject section */

/* Begin PBXResourcesBuildPhase section */
		1FFF18711C4C8495003F8B3B /* Resources */ = {
			isa = PBXResourcesBuildPhase;
			buildActionMask = 2147483647;
			files = (
				1FFF18861C4C8495003F8B3B /* LaunchScreen.storyboard in Resources */,
				1FFF18831C4C8495003F8B3B /* Assets.xcassets in Resources */,
				1FFF18811C4C8495003F8B3B /* Main.storyboard in Resources */,
			);
			runOnlyForDeploymentPostprocessing = 0;
		};
/* End PBXResourcesBuildPhase section */

/* Begin PBXSourcesBuildPhase section */
		1FFF186F1C4C8495003F8B3B /* Sources */ = {
			isa = PBXSourcesBuildPhase;
			buildActionMask = 2147483647;
			files = (
				1FFF18A81C4C8AA4003F8B3B /* BaseViewController.m in Sources */,
				1FFF18981C4C85E8003F8B3B /* KSDragRefreshBaseView.m in Sources */,
				1FFF18A51C4C8865003F8B3B /* MyDragRefreshFooter.m in Sources */,
				1FFF18971C4C85E8003F8B3B /* KSDragRefresh.m in Sources */,
				1FFF18A21C4C87C0003F8B3B /* MyDragRefreshHeader.m in Sources */,
				1FFF187B1C4C8495003F8B3B /* AppDelegate.m in Sources */,
				1FFF189C1C4C860E003F8B3B /* UIView+KSFrame.m in Sources */,
				1FFF18781C4C8495003F8B3B /* main.m in Sources */,
			);
			runOnlyForDeploymentPostprocessing = 0;
		};
/* End PBXSourcesBuildPhase section */

/* Begin PBXVariantGroup section */
		1FFF187F1C4C8495003F8B3B /* Main.storyboard */ = {
			isa = PBXVariantGroup;
			children = (
				1FFF18801C4C8495003F8B3B /* Base */,
			);
			name = Main.storyboard;
			sourceTree = "<group>";
		};
		1FFF18841C4C8495003F8B3B /* LaunchScreen.storyboard */ = {
			isa = PBXVariantGroup;
			children = (
				1FFF18851C4C8495003F8B3B /* Base */,
			);
			name = LaunchScreen.storyboard;
			sourceTree = "<group>";
		};
/* End PBXVariantGroup section */

/* Begin XCBuildConfiguration section */
		1FFF18881C4C8495003F8B3B /* Debug */ = {
			isa = XCBuildConfiguration;
			buildSettings = {
				ALWAYS_SEARCH_USER_PATHS = NO;
				CLANG_CXX_LANGUAGE_STANDARD = "gnu++0x";
				CLANG_CXX_LIBRARY = "libc++";
				CLANG_ENABLE_MODULES = YES;
				CLANG_ENABLE_OBJC_ARC = YES;
				CLANG_WARN_BOOL_CONVERSION = YES;
				CLANG_WARN_CONSTANT_CONVERSION = YES;
				CLANG_WARN_DIRECT_OBJC_ISA_USAGE = YES_ERROR;
				CLANG_WARN_EMPTY_BODY = YES;
				CLANG_WARN_ENUM_CONVERSION = YES;
				CLANG_WARN_INT_CONVERSION = YES;
				CLANG_WARN_OBJC_ROOT_CLASS = YES_ERROR;
				CLANG_WARN_UNREACHABLE_CODE = YES;
				CLANG_WARN__DUPLICATE_METHOD_MATCH = YES;
				"CODE_SIGN_IDENTITY[sdk=iphoneos*]" = "iPhone Developer";
				COPY_PHASE_STRIP = NO;
				DEBUG_INFORMATION_FORMAT = dwarf;
				ENABLE_STRICT_OBJC_MSGSEND = YES;
				ENABLE_TESTABILITY = YES;
				GCC_C_LANGUAGE_STANDARD = gnu99;
				GCC_DYNAMIC_NO_PIC = NO;
				GCC_NO_COMMON_BLOCKS = YES;
				GCC_OPTIMIZATION_LEVEL = 0;
				GCC_PREPROCESSOR_DEFINITIONS = (
					"DEBUG=1",
					"$(inherited)",
				);
				GCC_WARN_64_TO_32_BIT_CONVERSION = YES;
				GCC_WARN_ABOUT_RETURN_TYPE = YES_ERROR;
				GCC_WARN_UNDECLARED_SELECTOR = YES;
				GCC_WARN_UNINITIALIZED_AUTOS = YES_AGGRESSIVE;
				GCC_WARN_UNUSED_FUNCTION = YES;
				GCC_WARN_UNUSED_VARIABLE = YES;
				IPHONEOS_DEPLOYMENT_TARGET = 9.2;
				MTL_ENABLE_DEBUG_INFO = YES;
				ONLY_ACTIVE_ARCH = YES;
				SDKROOT = iphoneos;
			};
			name = Debug;
		};
		1FFF18891C4C8495003F8B3B /* Release */ = {
			isa = XCBuildConfiguration;
			buildSettings = {
				ALWAYS_SEARCH_USER_PATHS = NO;
				CLANG_CXX_LANGUAGE_STANDARD = "gnu++0x";
				CLANG_CXX_LIBRARY = "libc++";
				CLANG_ENABLE_MODULES = YES;
				CLANG_ENABLE_OBJC_ARC = YES;
				CLANG_WARN_BOOL_CONVERSION = YES;
				CLANG_WARN_CONSTANT_CONVERSION = YES;
				CLANG_WARN_DIRECT_OBJC_ISA_USAGE = YES_ERROR;
				CLANG_WARN_EMPTY_BODY = YES;
				CLANG_WARN_ENUM_CONVERSION = YES;
				CLANG_WARN_INT_CONVERSION = YES;
				CLANG_WARN_OBJC_ROOT_CLASS = YES_ERROR;
				CLANG_WARN_UNREACHABLE_CODE = YES;
				CLANG_WARN__DUPLICATE_METHOD_MATCH = YES;
				"CODE_SIGN_IDENTITY[sdk=iphoneos*]" = "iPhone Developer";
				COPY_PHASE_STRIP = NO;
				DEBUG_INFORMATION_FORMAT = "dwarf-with-dsym";
				ENABLE_NS_ASSERTIONS = NO;
				ENABLE_STRICT_OBJC_MSGSEND = YES;
				GCC_C_LANGUAGE_STANDARD = gnu99;
				GCC_NO_COMMON_BLOCKS = YES;
				GCC_WARN_64_TO_32_BIT_CONVERSION = YES;
				GCC_WARN_ABOUT_RETURN_TYPE = YES_ERROR;
				GCC_WARN_UNDECLARED_SELECTOR = YES;
				GCC_WARN_UNINITIALIZED_AUTOS = YES_AGGRESSIVE;
				GCC_WARN_UNUSED_FUNCTION = YES;
				GCC_WARN_UNUSED_VARIABLE = YES;
				IPHONEOS_DEPLOYMENT_TARGET = 9.2;
				MTL_ENABLE_DEBUG_INFO = NO;
				SDKROOT = iphoneos;
				VALIDATE_PRODUCT = YES;
			};
			name = Release;
		};
		1FFF188B1C4C8495003F8B3B /* Debug */ = {
			isa = XCBuildConfiguration;
			buildSettings = {
				ASSETCATALOG_COMPILER_APPICON_NAME = AppIcon;
				INFOPLIST_FILE = KSDragRefresh/Info.plist;
				IPHONEOS_DEPLOYMENT_TARGET = 8.0;
				LD_RUNPATH_SEARCH_PATHS = "$(inherited) @executable_path/Frameworks";
				PRODUCT_BUNDLE_IDENTIFIER = com.KnightSama.KSDragRefresh;
				PRODUCT_NAME = "$(TARGET_NAME)";
			};
			name = Debug;
		};
		1FFF188C1C4C8495003F8B3B /* Release */ = {
			isa = XCBuildConfiguration;
			buildSettings = {
				ASSETCATALOG_COMPILER_APPICON_NAME = AppIcon;
				INFOPLIST_FILE = KSDragRefresh/Info.plist;
				IPHONEOS_DEPLOYMENT_TARGET = 8.0;
				LD_RUNPATH_SEARCH_PATHS = "$(inherited) @executable_path/Frameworks";
				PRODUCT_BUNDLE_IDENTIFIER = com.KnightSama.KSDragRefresh;
				PRODUCT_NAME = "$(TARGET_NAME)";
			};
			name = Release;
		};
/* End XCBuildConfiguration section */

/* Begin XCConfigurationList section */
		1FFF186E1C4C8495003F8B3B /* Build configuration list for PBXProject "KSDragRefresh" */ = {
			isa = XCConfigurationList;
			buildConfigurations = (
				1FFF18881C4C8495003F8B3B /* Debug */,
				1FFF18891C4C8495003F8B3B /* Release */,
			);
			defaultConfigurationIsVisible = 0;
			defaultConfigurationName = Release;
		};
		1FFF188A1C4C8495003F8B3B /* Build configuration list for PBXNativeTarget "KSDragRefresh" */ = {
			isa = XCConfigurationList;
			buildConfigurations = (
				1FFF188B1C4C8495003F8B3B /* Debug */,
				1FFF188C1C4C8495003F8B3B /* Release */,
			);
			defaultConfigurationIsVisible = 0;
		};
/* End XCConfigurationList section */
	};
	rootObject = 1FFF186B1C4C8495003F8B3B /* Project object */;
}
